
Microsoft Visual Studio Solution File, Format Version 12.00
# Visual Studio Version 16
VisualStudioVersion = 16.0.30503.244
MinimumVisualStudioVersion = 10.0.40219.1
Project("{888888A0-9F3D-457C-B088-3A5042F75D52}") = "24py", "24py\24py.pyproj", "{79760411-E937-4918-AAB2-10C4EDF0E1A8}"
EndProject
Global
	GlobalSection(SolutionConfigurationPlatforms) = preSolution
		Debug|Any CPU = Debug|Any CPU
		Release|Any CPU = Release|Any CPU
	EndGlobalSection
	GlobalSection(ProjectConfigurationPlatforms) = postSolution
		{79760411-E937-4918-AAB2-10C4EDF0E1A8}.Debug|Any CPU.ActiveCfg = Debug|Any CPU
		{79760411-E937-4918-AAB2-10C4EDF0E1A8}.Release|Any CPU.ActiveCfg = Release|Any CPU
	EndGlobalSection
	GlobalSection(SolutionProperties) = preSolution
		HideSolutionNode = FALSE
	EndGlobalSection
	GlobalSection(ExtensibilityGlobals) = postSolution
		SolutionGuid = {D79ECD9A-EF28-4BF4-ABBB-4FD3FB8D6A7A}
	EndGlobalSection
EndGlobal
