
Microsoft Visual Studio Solution File, Format Version 12.00
# Visual Studio Version 16
VisualStudioVersion = 16.0.30503.244
MinimumVisualStudioVersion = 10.0.40219.1
Project("{888888A0-9F3D-457C-B088-3A5042F75D52}") = "13py", "13py\13py.pyproj", "{1B0322A4-21A5-44C1-9F66-74413FBBDFC1}"
EndProject
Global
	GlobalSection(SolutionConfigurationPlatforms) = preSolution
		Debug|Any CPU = Debug|Any CPU
		Release|Any CPU = Release|Any CPU
	EndGlobalSection
	GlobalSection(ProjectConfigurationPlatforms) = postSolution
		{1B0322A4-21A5-44C1-9F66-74413FBBDFC1}.Debug|Any CPU.ActiveCfg = Debug|Any CPU
		{1B0322A4-21A5-44C1-9F66-74413FBBDFC1}.Release|Any CPU.ActiveCfg = Release|Any CPU
	EndGlobalSection
	GlobalSection(SolutionProperties) = preSolution
		HideSolutionNode = FALSE
	EndGlobalSection
	GlobalSection(ExtensibilityGlobals) = postSolution
		SolutionGuid = {3806A1E7-6891-43F4-A043-C3C0CD7FAD2D}
	EndGlobalSection
EndGlobal
